
Microsoft Visual Studio Solution File, Format Version 12.00
# Visual Studio 15
VisualStudioVersion = 15.0.27428.1
MinimumVisualStudioVersion = 10.0.40219.1
Project("{FAE04EC0-301F-11D3-BF4B-00C04F79EFBC}") = "CheckoutJSImplementation", "CheckoutJSImplementation\CheckoutJSImplementation.csproj", "{DCE14B67-C6DE-4368-9469-6DA4859BBAAF}"
EndProject
Global
	GlobalSection(SolutionConfigurationPlatforms) = preSolution
		Debug|Any CPU = Debug|Any CPU
		Release|Any CPU = Release|Any CPU
	EndGlobalSection
	GlobalSection(ProjectConfigurationPlatforms) = postSolution
		{DCE14B67-C6DE-4368-9469-6DA4859BBAAF}.Debug|Any CPU.ActiveCfg = Debug|Any CPU
		{DCE14B67-C6DE-4368-9469-6DA4859BBAAF}.Debug|Any CPU.Build.0 = Debug|Any CPU
		{DCE14B67-C6DE-4368-9469-6DA4859BBAAF}.Release|Any CPU.ActiveCfg = Release|Any CPU
		{DCE14B67-C6DE-4368-9469-6DA4859BBAAF}.Release|Any CPU.Build.0 = Release|Any CPU
	EndGlobalSection
	GlobalSection(SolutionProperties) = preSolution
		HideSolutionNode = FALSE
	EndGlobalSection
	GlobalSection(ExtensibilityGlobals) = postSolution
		SolutionGuid = {1DE476D3-1D30-4F17-8094-6D697F251E72}
	EndGlobalSection
EndGlobal
